
Microsoft Visual Studio Solution File, Format Version 12.00
# Visual Studio 15
VisualStudioVersion = 15.0.28010.2026
MinimumVisualStudioVersion = 10.0.40219.1
Project("{F184B08F-C81C-45F6-A57F-5ABD9991F28F}") = "PruebaGit", "PruebaGit\PruebaGit.vbproj", "{FFE43767-F892-4E89-A0C3-C3A59C673120}"
EndProject
Global
	GlobalSection(SolutionConfigurationPlatforms) = preSolution
		Debug|Any CPU = Debug|Any CPU
		Release|Any CPU = Release|Any CPU
	EndGlobalSection
	GlobalSection(ProjectConfigurationPlatforms) = postSolution
		{FFE43767-F892-4E89-A0C3-C3A59C673120}.Debug|Any CPU.ActiveCfg = Debug|Any CPU
		{FFE43767-F892-4E89-A0C3-C3A59C673120}.Debug|Any CPU.Build.0 = Debug|Any CPU
		{FFE43767-F892-4E89-A0C3-C3A59C673120}.Release|Any CPU.ActiveCfg = Release|Any CPU
		{FFE43767-F892-4E89-A0C3-C3A59C673120}.Release|Any CPU.Build.0 = Release|Any CPU
	EndGlobalSection
	GlobalSection(SolutionProperties) = preSolution
		HideSolutionNode = FALSE
	EndGlobalSection
	GlobalSection(ExtensibilityGlobals) = postSolution
		SolutionGuid = {0380FF94-58AD-4735-8111-7EA31DAD6ED6}
	EndGlobalSection
EndGlobal
